# @generated - this file is auto-generated by `mise lock` https://mise.jdx.dev/dev-tools/mise-lock.html

lockfile_version = 1

[[tools."github:llvm/llvm-project"]]
version = "23.1.0"
backend = "github:llvm/llvm-project"
specifiers = ["23.1.0"]

[tools."github:llvm/llvm-project".options]
asset_pattern = "LLVM-{{ version }}-Linux-X64.tar.zst"
version_prefix = "llvmorg-"

[tools."github:llvm/llvm-project"."platforms.linux-x64"]
checksum = "sha256:1a3dd8e99df9fe6f5b3b9c62a4a81e0c57da9b95b1889a6dbf6c304c264e756f"
url = "https://github.com/llvm/llvm-project/releases/download/llvmorg-23.1.0/LLVM-23.1.0-Linux-X64.tar.zst"
url_api = "https://api.github.com/repos/llvm/llvm-project/releases/assets/529922702"
provenance = "github-attestations"
provenance_verified = true

[[tools."github:llvm/llvm-project"]]
version = "23.1.0"
backend = "github:llvm/llvm-project"
specifiers = ["23.1.0"]

[tools."github:llvm/llvm-project".options]
asset_pattern = "clang[+]llvm-{{ version }}-x86_64-pc-windows-msvc.tar.zst"
version_prefix = "llvmorg-"

[tools."github:llvm/llvm-project"."platforms.windows-x64"]
checksum = "sha256:1aebf024b959b3835c3bd936da2fa58cd002c61ccf47fce1714447b900bd9837"
url = "https://github.com/llvm/llvm-project/releases/download/llvmorg-23.1.0/clang%2Bllvm-23.1.0-x86_64-pc-windows-msvc.tar.zst"
url_api = "https://api.github.com/repos/llvm/llvm-project/releases/assets/529796423"
provenance = "github-attestations"
