# @generated - this file is auto-generated by `mise lock` https://mise.jdx.dev/dev-tools/mise-lock.html

lockfile_version = 1

[[tools."github:llvm/llvm-project"]]
version = "23.1.1"
backend = "github:llvm/llvm-project"
specifiers = ["23.1.1"]

[tools."github:llvm/llvm-project".options]
asset_pattern = "clang[+]llvm-{{ version }}-x86_64-pc-windows-msvc.tar.zst"
version_prefix = "llvmorg-"

[tools."github:llvm/llvm-project"."platforms.windows-x64"]
checksum = "sha256:c8a12d754b5050c5668b56a5425c806792d46c70f7244b1216046164aa4b6462"
url = "https://github.com/llvm/llvm-project/releases/download/llvmorg-23.1.1/clang%2Bllvm-23.1.1-x86_64-pc-windows-msvc.tar.zst"
url_api = "https://api.github.com/repos/llvm/llvm-project/releases/assets/550474890"
provenance = "github-attestations"

[[tools."github:llvm/llvm-project"]]
version = "23.1.1"
backend = "github:llvm/llvm-project"
specifiers = ["23.1.1"]

[tools."github:llvm/llvm-project".options]
asset_pattern = "LLVM-{{ version }}-Linux-X64.tar.zst"
version_prefix = "llvmorg-"

[tools."github:llvm/llvm-project"."platforms.linux-x64"]
checksum = "sha256:b7ddbabd70fa1d206948bc83f59e59aa84eaf4cd09b6b89cc3ece28177710a6f"
url = "https://github.com/llvm/llvm-project/releases/download/llvmorg-23.1.1/LLVM-23.1.1-Linux-X64.tar.zst"
url_api = "https://api.github.com/repos/llvm/llvm-project/releases/assets/550574635"
provenance = "github-attestations"
provenance_verified = true
