# @generated - this file is auto-generated by `mise lock` https://mise.jdx.dev/dev-tools/mise-lock.html

lockfile_version = 1

[[tools.bun]]
version = "1.4.2"
backend = "core:bun"
specifiers = ["1.4.2"]

[tools.bun."platforms.linux-x64"]
checksum = "sha256:36368faef7527875d5ffa52e53cd48021741f2a83eb6208a8dd64068d422a913"
url = "https://github.com/oven-sh/bun/releases/download/bun-v1.4.2/bun-linux-x64.zip"

[tools.bun."platforms.linux-x64-baseline"]
checksum = "sha256:c678040f14fe0440eb839d37cbd0ce4c051a32da72806ac97de6a6aab6bf728f"
url = "https://github.com/oven-sh/bun/releases/download/bun-v1.4.2/bun-linux-x64-baseline.zip"

[tools.bun."platforms.linux-x64-musl"]
checksum = "sha256:4835eca59d6da70f4674f5642f6e459dcadab773695b2ed9922d131057989742"
url = "https://github.com/oven-sh/bun/releases/download/bun-v1.4.2/bun-linux-x64-musl.zip"

[tools.bun."platforms.linux-x64-musl-baseline"]
checksum = "sha256:76e1db84e98f22f78de0a87e309bfbbf297732847f9720db36750646c85c8c18"
url = "https://github.com/oven-sh/bun/releases/download/bun-v1.4.2/bun-linux-x64-musl-baseline.zip"

[tools.bun."platforms.windows-x64"]
checksum = "sha256:ce4c17497b2f29712a99d3d53f028de28cd42e3bacb8589599e7f000e49b6405"
url = "https://github.com/oven-sh/bun/releases/download/bun-v1.4.2/bun-windows-x64.zip"

[tools.bun."platforms.windows-x64-baseline"]
checksum = "sha256:78c221c2376f79731ccf4e4af0b3bb46d81fefa3296c5abee09ad8a1b21e68c6"
url = "https://github.com/oven-sh/bun/releases/download/bun-v1.4.2/bun-windows-x64-baseline.zip"

[[tools."github:llvm/llvm-project"]]
version = "23.1.1"
backend = "github:llvm/llvm-project"
specifiers = ["23.1.1"]

[tools."github:llvm/llvm-project".options]
asset_pattern = "clang[+]llvm-{{ version }}-x86_64-pc-windows-msvc.tar.zst"
version_prefix = "llvmorg-"

[tools."github:llvm/llvm-project"."platforms.windows-x64"]
checksum = "sha256:c8a12d754b5050c5668b56a5425c806792d46c70f7244b1216046164aa4b6462"
url = "https://github.com/llvm/llvm-project/releases/download/llvmorg-23.1.1/clang%2Bllvm-23.1.1-x86_64-pc-windows-msvc.tar.zst"
url_api = "https://api.github.com/repos/llvm/llvm-project/releases/assets/550474890"
provenance = "github-attestations"
provenance_verified = true

[[tools."github:llvm/llvm-project"]]
version = "23.1.1"
backend = "github:llvm/llvm-project"
specifiers = ["23.1.1"]

[tools."github:llvm/llvm-project".options]
asset_pattern = "LLVM-{{ version }}-Linux-X64.tar.zst"
version_prefix = "llvmorg-"

[tools."github:llvm/llvm-project"."platforms.linux-x64"]
checksum = "sha256:b7ddbabd70fa1d206948bc83f59e59aa84eaf4cd09b6b89cc3ece28177710a6f"
url = "https://github.com/llvm/llvm-project/releases/download/llvmorg-23.1.1/LLVM-23.1.1-Linux-X64.tar.zst"
url_api = "https://api.github.com/repos/llvm/llvm-project/releases/assets/550574635"
provenance = "github-attestations"
provenance_verified = true

[[tools.node]]
version = "24.21.0"
backend = "core:node"
specifiers = ["24.21.0"]

[tools.node."platforms.linux-x64"]
checksum = "sha256:6e1db87ef58b8819e5d5402eff1536491b18edd8eb7bee5ef7897876e88dc5ff"
url = "https://nodejs.org/dist/v24.21.0/node-v24.21.0-linux-x64.tar.gz"

[tools.node."platforms.windows-x64"]
checksum = "sha256:158f7685b44de51f6c0df1d153526cbcd3e1bc739a8dfc607721cef75de9e541"
url = "https://nodejs.org/dist/v24.21.0/node-v24.21.0-win-x64.zip"
